// !$*UTF8*$!
{
	archiveVersion = 1;
	classes = {
	};
	objectVersion = 46;
	objects = {

/* Begin PBXBuildFile section */
		5B5DB8FA1FA07D9000B9EDD4 /* TableViewController.m in Sources */ = {isa = PBXBuildFile; fileRef = 5B5DB8F91FA07D9000B9EDD4 /* TableViewController.m */; };
		5BC9E69F1F9F99E200A68D7A /* AVCColorLine.m in Sources */ = {isa = PBXBuildFile; fileRef = 5BC9E69B1F9F99E200A68D7A /* AVCColorLine.m */; };
		5BC9E6A01F9F99E200A68D7A /* Base.lproj in Resources */ = {isa = PBXBuildFile; fileRef = 5BC9E69C1F9F99E200A68D7A /* Base.lproj */; };
		5BD3DF9E1F9640540085E57D /* main.m in Sources */ = {isa = PBXBuildFile; fileRef = 5BD3DF9D1F9640540085E57D /* main.m */; };
		5BD3DFA11F9640540085E57D /* AppDelegate.m in Sources */ = {isa = PBXBuildFile; fileRef = 5BD3DFA01F9640540085E57D /* AppDelegate.m */; };
		5BD3DFA41F9640540085E57D /* ViewController.m in Sources */ = {isa = PBXBuildFile; fileRef = 5BD3DFA31F9640540085E57D /* ViewController.m */; };
		5BD3DFA71F9640540085E57D /* Main.storyboard in Resources */ = {isa = PBXBuildFile; fileRef = 5BD3DFA51F9640540085E57D /* Main.storyboard */; };
		5BD3DFA91F9640540085E57D /* Assets.xcassets in Resources */ = {isa = PBXBuildFile; fileRef = 5BD3DFA81F9640540085E57D /* Assets.xcassets */; };
		5BD3DFAC1F9640540085E57D /* LaunchScreen.storyboard in Resources */ = {isa = PBXBuildFile; fileRef = 5BD3DFAA1F9640540085E57D /* LaunchScreen.storyboard */; };
		5BD3DFB71F9640540085E57D /* TestColorsTests.m in Sources */ = {isa = PBXBuildFile; fileRef = 5BD3DFB61F9640540085E57D /* TestColorsTests.m */; };
		5BD3DFC21F9640540085E57D /* TestColorsUITests.m in Sources */ = {isa = PBXBuildFile; fileRef = 5BD3DFC11F9640540085E57D /* TestColorsUITests.m */; };
		5BD3DFD31F9670AD0085E57D /* AVCColorButton.m in Sources */ = {isa = PBXBuildFile; fileRef = 5BD3DFD21F9670AD0085E57D /* AVCColorButton.m */; };
/* End PBXBuildFile section */

/* Begin PBXContainerItemProxy section */
		5BD3DFB31F9640540085E57D /* PBXContainerItemProxy */ = {
			isa = PBXContainerItemProxy;
			containerPortal = 5BD3DF911F9640540085E57D /* Project object */;
			proxyType = 1;
			remoteGlobalIDString = 5BD3DF981F9640540085E57D;
			remoteInfo = TestColors;
		};
		5BD3DFBE1F9640540085E57D /* PBXContainerItemProxy */ = {
			isa = PBXContainerItemProxy;
			containerPortal = 5BD3DF911F9640540085E57D /* Project object */;
			proxyType = 1;
			remoteGlobalIDString = 5BD3DF981F9640540085E57D;
			remoteInfo = TestColors;
		};
/* End PBXContainerItemProxy section */

/* Begin PBXFileReference section */
		5B5DB8F81FA07D9000B9EDD4 /* TableViewController.h */ = {isa = PBXFileReference; fileEncoding = 4; lastKnownFileType = sourcecode.c.h; path = TableViewController.h; sourceTree = "<group>"; };
		5B5DB8F91FA07D9000B9EDD4 /* TableViewController.m */ = {isa = PBXFileReference; fileEncoding = 4; lastKnownFileType = sourcecode.c.objc; path = TableViewController.m; sourceTree = "<group>"; };
		5BC9E69B1F9F99E200A68D7A /* AVCColorLine.m */ = {isa = PBXFileReference; fileEncoding = 4; lastKnownFileType = sourcecode.c.objc; path = AVCColorLine.m; sourceTree = "<group>"; };
		5BC9E69C1F9F99E200A68D7A /* Base.lproj */ = {isa = PBXFileReference; lastKnownFileType = folder; path = Base.lproj; sourceTree = "<group>"; };
		5BC9E6A21F9F9A1800A68D7A /* AVCColorLine.h */ = {isa = PBXFileReference; fileEncoding = 4; lastKnownFileType = sourcecode.c.h; path = AVCColorLine.h; sourceTree = "<group>"; };
		5BD3DF991F9640540085E57D /* TestColors.app */ = {isa = PBXFileReference; explicitFileType = wrapper.application; includeInIndex = 0; path = TestColors.app; sourceTree = BUILT_PRODUCTS_DIR; };
		5BD3DF9D1F9640540085E57D /* main.m */ = {isa = PBXFileReference; lastKnownFileType = sourcecode.c.objc; path = main.m; sourceTree = "<group>"; };
		5BD3DF9F1F9640540085E57D /* AppDelegate.h */ = {isa = PBXFileReference; lastKnownFileType = sourcecode.c.h; path = AppDelegate.h; sourceTree = "<group>"; };
		5BD3DFA01F9640540085E57D /* AppDelegate.m */ = {isa = PBXFileReference; lastKnownFileType = sourcecode.c.objc; path = AppDelegate.m; sourceTree = "<group>"; };
		5BD3DFA21F9640540085E57D /* ViewController.h */ = {isa = PBXFileReference; lastKnownFileType = sourcecode.c.h; path = ViewController.h; sourceTree = "<group>"; };
		5BD3DFA31F9640540085E57D /* ViewController.m */ = {isa = PBXFileReference; lastKnownFileType = sourcecode.c.objc; path = ViewController.m; sourceTree = "<group>"; };
		5BD3DFA61F9640540085E57D /* Base */ = {isa = PBXFileReference; lastKnownFileType = file.storyboard; name = Base; path = Base.lproj/Main.storyboard; sourceTree = "<group>"; };
		5BD3DFA81F9640540085E57D /* Assets.xcassets */ = {isa = PBXFileReference; lastKnownFileType = folder.assetcatalog; path = Assets.xcassets; sourceTree = "<group>"; };
		5BD3DFAB1F9640540085E57D /* Base */ = {isa = PBXFileReference; lastKnownFileType = file.storyboard; name = Base; path = Base.lproj/LaunchScreen.storyboard; sourceTree = "<group>"; };
		5BD3DFAD1F9640540085E57D /* Info.plist */ = {isa = PBXFileReference; lastKnownFileType = text.plist.xml; path = Info.plist; sourceTree = "<group>"; };
		5BD3DFB21F9640540085E57D /* TestColorsTests.xctest */ = {isa = PBXFileReference; explicitFileType = wrapper.cfbundle; includeInIndex = 0; path = TestColorsTests.xctest; sourceTree = BUILT_PRODUCTS_DIR; };
		5BD3DFB61F9640540085E57D /* TestColorsTests.m */ = {isa = PBXFileReference; lastKnownFileType = sourcecode.c.objc; path = TestColorsTests.m; sourceTree = "<group>"; };
		5BD3DFB81F9640540085E57D /* Info.plist */ = {isa = PBXFileReference; lastKnownFileType = text.plist.xml; path = Info.plist; sourceTree = "<group>"; };
		5BD3DFBD1F9640540085E57D /* TestColorsUITests.xctest */ = {isa = PBXFileReference; explicitFileType = wrapper.cfbundle; includeInIndex = 0; path = TestColorsUITests.xctest; sourceTree = BUILT_PRODUCTS_DIR; };
		5BD3DFC11F9640540085E57D /* TestColorsUITests.m */ = {isa = PBXFileReference; lastKnownFileType = sourcecode.c.objc; path = TestColorsUITests.m; sourceTree = "<group>"; };
		5BD3DFC31F9640540085E57D /* Info.plist */ = {isa = PBXFileReference; lastKnownFileType = text.plist.xml; path = Info.plist; sourceTree = "<group>"; };
		5BD3DFD11F9670AD0085E57D /* AVCColorButton.h */ = {isa = PBXFileReference; fileEncoding = 4; lastKnownFileType = sourcecode.c.h; path = AVCColorButton.h; sourceTree = "<group>"; };
		5BD3DFD21F9670AD0085E57D /* AVCColorButton.m */ = {isa = PBXFileReference; fileEncoding = 4; lastKnownFileType = sourcecode.c.objc; path = AVCColorButton.m; sourceTree = "<group>"; };
/* End PBXFileReference section */

/* Begin PBXFrameworksBuildPhase section */
		5BD3DF961F9640540085E57D /* Frameworks */ = {
			isa = PBXFrameworksBuildPhase;
			buildActionMask = 2147483647;
			files = (
			);
			runOnlyForDeploymentPostprocessing = 0;
		};
		5BD3DFAF1F9640540085E57D /* Frameworks */ = {
			isa = PBXFrameworksBuildPhase;
			buildActionMask = 2147483647;
			files = (
			);
			runOnlyForDeploymentPostprocessing = 0;
		};
		5BD3DFBA1F9640540085E57D /* Frameworks */ = {
			isa = PBXFrameworksBuildPhase;
			buildActionMask = 2147483647;
			files = (
			);
			runOnlyForDeploymentPostprocessing = 0;
		};
/* End PBXFrameworksBuildPhase section */

/* Begin PBXGroup section */
		5BD3DF901F9640540085E57D = {
			isa = PBXGroup;
			children = (
				5BD3DF9B1F9640540085E57D /* TestColors */,
				5BD3DFB51F9640540085E57D /* TestColorsTests */,
				5BD3DFC01F9640540085E57D /* TestColorsUITests */,
				5BD3DF9A1F9640540085E57D /* Products */,
			);
			sourceTree = "<group>";
		};
		5BD3DF9A1F9640540085E57D /* Products */ = {
			isa = PBXGroup;
			children = (
				5BD3DF991F9640540085E57D /* TestColors.app */,
				5BD3DFB21F9640540085E57D /* TestColorsTests.xctest */,
				5BD3DFBD1F9640540085E57D /* TestColorsUITests.xctest */,
			);
			name = Products;
			sourceTree = "<group>";
		};
		5BD3DF9B1F9640540085E57D /* TestColors */ = {
			isa = PBXGroup;
			children = (
				5BC9E69C1F9F99E200A68D7A /* Base.lproj */,
				5B5DB8F81FA07D9000B9EDD4 /* TableViewController.h */,
				5B5DB8F91FA07D9000B9EDD4 /* TableViewController.m */,
				5BC9E6A21F9F9A1800A68D7A /* AVCColorLine.h */,
				5BC9E69B1F9F99E200A68D7A /* AVCColorLine.m */,
				5BD3DF9F1F9640540085E57D /* AppDelegate.h */,
				5BD3DFA01F9640540085E57D /* AppDelegate.m */,
				5BD3DFA21F9640540085E57D /* ViewController.h */,
				5BD3DFA31F9640540085E57D /* ViewController.m */,
				5BD3DFA51F9640540085E57D /* Main.storyboard */,
				5BD3DFA81F9640540085E57D /* Assets.xcassets */,
				5BD3DFAA1F9640540085E57D /* LaunchScreen.storyboard */,
				5BD3DFAD1F9640540085E57D /* Info.plist */,
				5BD3DF9C1F9640540085E57D /* Supporting Files */,
				5BD3DFD11F9670AD0085E57D /* AVCColorButton.h */,
				5BD3DFD21F9670AD0085E57D /* AVCColorButton.m */,
			);
			path = TestColors;
			sourceTree = "<group>";
		};
		5BD3DF9C1F9640540085E57D /* Supporting Files */ = {
			isa = PBXGroup;
			children = (
				5BD3DF9D1F9640540085E57D /* main.m */,
			);
			name = "Supporting Files";
			sourceTree = "<group>";
		};
		5BD3DFB51F9640540085E57D /* TestColorsTests */ = {
			isa = PBXGroup;
			children = (
				5BD3DFB61F9640540085E57D /* TestColorsTests.m */,
				5BD3DFB81F9640540085E57D /* Info.plist */,
			);
			path = TestColorsTests;
			sourceTree = "<group>";
		};
		5BD3DFC01F9640540085E57D /* TestColorsUITests */ = {
			isa = PBXGroup;
			children = (
				5BD3DFC11F9640540085E57D /* TestColorsUITests.m */,
				5BD3DFC31F9640540085E57D /* Info.plist */,
			);
			path = TestColorsUITests;
			sourceTree = "<group>";
		};
/* End PBXGroup section */

/* Begin PBXNativeTarget section */
		5BD3DF981F9640540085E57D /* TestColors */ = {
			isa = PBXNativeTarget;
			buildConfigurationList = 5BD3DFC61F9640540085E57D /* Build configuration list for PBXNativeTarget "TestColors" */;
			buildPhases = (
				5BD3DF951F9640540085E57D /* Sources */,
				5BD3DF961F9640540085E57D /* Frameworks */,
				5BD3DF971F9640540085E57D /* Resources */,
			);
			buildRules = (
			);
			dependencies = (
			);
			name = TestColors;
			productName = TestColors;
			productReference = 5BD3DF991F9640540085E57D /* TestColors.app */;
			productType = "com.apple.product-type.application";
		};
		5BD3DFB11F9640540085E57D /* TestColorsTests */ = {
			isa = PBXNativeTarget;
			buildConfigurationList = 5BD3DFC91F9640540085E57D /* Build configuration list for PBXNativeTarget "TestColorsTests" */;
			buildPhases = (
				5BD3DFAE1F9640540085E57D /* Sources */,
				5BD3DFAF1F9640540085E57D /* Frameworks */,
				5BD3DFB01F9640540085E57D /* Resources */,
			);
			buildRules = (
			);
			dependencies = (
				5BD3DFB41F9640540085E57D /* PBXTargetDependency */,
			);
			name = TestColorsTests;
			productName = TestColorsTests;
			productReference = 5BD3DFB21F9640540085E57D /* TestColorsTests.xctest */;
			productType = "com.apple.product-type.bundle.unit-test";
		};
		5BD3DFBC1F9640540085E57D /* TestColorsUITests */ = {
			isa = PBXNativeTarget;
			buildConfigurationList = 5BD3DFCC1F9640540085E57D /* Build configuration list for PBXNativeTarget "TestColorsUITests" */;
			buildPhases = (
				5BD3DFB91F9640540085E57D /* Sources */,
				5BD3DFBA1F9640540085E57D /* Frameworks */,
				5BD3DFBB1F9640540085E57D /* Resources */,
			);
			buildRules = (
			);
			dependencies = (
				5BD3DFBF1F9640540085E57D /* PBXTargetDependency */,
			);
			name = TestColorsUITests;
			productName = TestColorsUITests;
			productReference = 5BD3DFBD1F9640540085E57D /* TestColorsUITests.xctest */;
			productType = "com.apple.product-type.bundle.ui-testing";
		};
/* End PBXNativeTarget section */

/* Begin PBXProject section */
		5BD3DF911F9640540085E57D /* Project object */ = {
			isa = PBXProject;
			attributes = {
				LastUpgradeCheck = 0830;
				ORGANIZATIONNAME = "Aleksey Vinogradov";
				TargetAttributes = {
					5BD3DF981F9640540085E57D = {
						CreatedOnToolsVersion = 8.3.3;
						ProvisioningStyle = Automatic;
					};
					5BD3DFB11F9640540085E57D = {
						CreatedOnToolsVersion = 8.3.3;
						ProvisioningStyle = Automatic;
						TestTargetID = 5BD3DF981F9640540085E57D;
					};
					5BD3DFBC1F9640540085E57D = {
						CreatedOnToolsVersion = 8.3.3;
						ProvisioningStyle = Automatic;
						TestTargetID = 5BD3DF981F9640540085E57D;
					};
				};
			};
			buildConfigurationList = 5BD3DF941F9640540085E57D /* Build configuration list for PBXProject "TestColors" */;
			compatibilityVersion = "Xcode 3.2";
			developmentRegion = English;
			hasScannedForEncodings = 0;
			knownRegions = (
				en,
				Base,
			);
			mainGroup = 5BD3DF901F9640540085E57D;
			productRefGroup = 5BD3DF9A1F9640540085E57D /* Products */;
			projectDirPath = "";
			projectRoot = "";
			targets = (
				5BD3DF981F9640540085E57D /* TestColors */,
				5BD3DFB11F9640540085E57D /* TestColorsTests */,
				5BD3DFBC1F9640540085E57D /* TestColorsUITests */,
			);
		};
/* End PBXProject section */

/* Begin PBXResourcesBuildPhase section */
		5BD3DF971F9640540085E57D /* Resources */ = {
			isa = PBXResourcesBuildPhase;
			buildActionMask = 2147483647;
			files = (
				5BD3DFAC1F9640540085E57D /* LaunchScreen.storyboard in Resources */,
				5BD3DFA91F9640540085E57D /* Assets.xcassets in Resources */,
				5BC9E6A01F9F99E200A68D7A /* Base.lproj in Resources */,
				5BD3DFA71F9640540085E57D /* Main.storyboard in Resources */,
			);
			runOnlyForDeploymentPostprocessing = 0;
		};
		5BD3DFB01F9640540085E57D /* Resources */ = {
			isa = PBXResourcesBuildPhase;
			buildActionMask = 2147483647;
			files = (
			);
			runOnlyForDeploymentPostprocessing = 0;
		};
		5BD3DFBB1F9640540085E57D /* Resources */ = {
			isa = PBXResourcesBuildPhase;
			buildActionMask = 2147483647;
			files = (
			);
			runOnlyForDeploymentPostprocessing = 0;
		};
/* End PBXResourcesBuildPhase section */

/* Begin PBXSourcesBuildPhase section */
		5BD3DF951F9640540085E57D /* Sources */ = {
			isa = PBXSourcesBuildPhase;
			buildActionMask = 2147483647;
			files = (
				5BC9E69F1F9F99E200A68D7A /* AVCColorLine.m in Sources */,
				5BD3DFD31F9670AD0085E57D /* AVCColorButton.m in Sources */,
				5BD3DFA41F9640540085E57D /* ViewController.m in Sources */,
				5BD3DFA11F9640540085E57D /* AppDelegate.m in Sources */,
				5B5DB8FA1FA07D9000B9EDD4 /* TableViewController.m in Sources */,
				5BD3DF9E1F9640540085E57D /* main.m in Sources */,
			);
			runOnlyForDeploymentPostprocessing = 0;
		};
		5BD3DFAE1F9640540085E57D /* Sources */ = {
			isa = PBXSourcesBuildPhase;
			buildActionMask = 2147483647;
			files = (
				5BD3DFB71F9640540085E57D /* TestColorsTests.m in Sources */,
			);
			runOnlyForDeploymentPostprocessing = 0;
		};
		5BD3DFB91F9640540085E57D /* Sources */ = {
			isa = PBXSourcesBuildPhase;
			buildActionMask = 2147483647;
			files = (
				5BD3DFC21F9640540085E57D /* TestColorsUITests.m in Sources */,
			);
			runOnlyForDeploymentPostprocessing = 0;
		};
/* End PBXSourcesBuildPhase section */

/* Begin PBXTargetDependency section */
		5BD3DFB41F9640540085E57D /* PBXTargetDependency */ = {
			isa = PBXTargetDependency;
			target = 5BD3DF981F9640540085E57D /* TestColors */;
			targetProxy = 5BD3DFB31F9640540085E57D /* PBXContainerItemProxy */;
		};
		5BD3DFBF1F9640540085E57D /* PBXTargetDependency */ = {
			isa = PBXTargetDependency;
			target = 5BD3DF981F9640540085E57D /* TestColors */;
			targetProxy = 5BD3DFBE1F9640540085E57D /* PBXContainerItemProxy */;
		};
/* End PBXTargetDependency section */

/* Begin PBXVariantGroup section */
		5BD3DFA51F9640540085E57D /* Main.storyboard */ = {
			isa = PBXVariantGroup;
			children = (
				5BD3DFA61F9640540085E57D /* Base */,
			);
			name = Main.storyboard;
			sourceTree = "<group>";
		};
		5BD3DFAA1F9640540085E57D /* LaunchScreen.storyboard */ = {
			isa = PBXVariantGroup;
			children = (
				5BD3DFAB1F9640540085E57D /* Base */,
			);
			name = LaunchScreen.storyboard;
			sourceTree = "<group>";
		};
/* End PBXVariantGroup section */

/* Begin XCBuildConfiguration section */
		5BD3DFC41F9640540085E57D /* Debug */ = {
			isa = XCBuildConfiguration;
			buildSettings = {
				ALWAYS_SEARCH_USER_PATHS = NO;
				CLANG_ANALYZER_NONNULL = YES;
				CLANG_ANALYZER_NUMBER_OBJECT_CONVERSION = YES_AGGRESSIVE;
				CLANG_CXX_LANGUAGE_STANDARD = "gnu++0x";
				CLANG_CXX_LIBRARY = "libc++";
				CLANG_ENABLE_MODULES = YES;
				CLANG_ENABLE_OBJC_ARC = NO;
				CLANG_WARN_BOOL_CONVERSION = YES;
				CLANG_WARN_CONSTANT_CONVERSION = YES;
				CLANG_WARN_DIRECT_OBJC_ISA_USAGE = YES_ERROR;
				CLANG_WARN_DOCUMENTATION_COMMENTS = YES;
				CLANG_WARN_EMPTY_BODY = YES;
				CLANG_WARN_ENUM_CONVERSION = YES;
				CLANG_WARN_INFINITE_RECURSION = YES;
				CLANG_WARN_INT_CONVERSION = YES;
				CLANG_WARN_OBJC_ROOT_CLASS = YES_ERROR;
				CLANG_WARN_SUSPICIOUS_MOVE = YES;
				CLANG_WARN_UNREACHABLE_CODE = YES;
				CLANG_WARN__DUPLICATE_METHOD_MATCH = YES;
				"CODE_SIGN_IDENTITY[sdk=iphoneos*]" = "iPhone Developer";
				COPY_PHASE_STRIP = NO;
				DEBUG_INFORMATION_FORMAT = dwarf;
				ENABLE_STRICT_OBJC_MSGSEND = YES;
				ENABLE_TESTABILITY = YES;
				GCC_C_LANGUAGE_STANDARD = gnu99;
				GCC_DYNAMIC_NO_PIC = NO;
				GCC_NO_COMMON_BLOCKS = YES;
				GCC_OPTIMIZATION_LEVEL = 0;
				GCC_PREPROCESSOR_DEFINITIONS = (
					"DEBUG=1",
					"$(inherited)",
				);
				GCC_WARN_64_TO_32_BIT_CONVERSION = YES;
				GCC_WARN_ABOUT_RETURN_TYPE = YES_ERROR;
				GCC_WARN_UNDECLARED_SELECTOR = YES;
				GCC_WARN_UNINITIALIZED_AUTOS = YES_AGGRESSIVE;
				GCC_WARN_UNUSED_FUNCTION = YES;
				GCC_WARN_UNUSED_VARIABLE = YES;
				IPHONEOS_DEPLOYMENT_TARGET = 10.3;
				MTL_ENABLE_DEBUG_INFO = YES;
				ONLY_ACTIVE_ARCH = YES;
				SDKROOT = iphoneos;
				TARGETED_DEVICE_FAMILY = "1,2";
			};
			name = Debug;
		};
		5BD3DFC51F9640540085E57D /* Release */ = {
			isa = XCBuildConfiguration;
			buildSettings = {
				ALWAYS_SEARCH_USER_PATHS = NO;
				CLANG_ANALYZER_NONNULL = YES;
				CLANG_ANALYZER_NUMBER_OBJECT_CONVERSION = YES_AGGRESSIVE;
				CLANG_CXX_LANGUAGE_STANDARD = "gnu++0x";
				CLANG_CXX_LIBRARY = "libc++";
				CLANG_ENABLE_MODULES = YES;
				CLANG_ENABLE_OBJC_ARC = NO;
				CLANG_WARN_BOOL_CONVERSION = YES;
				CLANG_WARN_CONSTANT_CONVERSION = YES;
				CLANG_WARN_DIRECT_OBJC_ISA_USAGE = YES_ERROR;
				CLANG_WARN_DOCUMENTATION_COMMENTS = YES;
				CLANG_WARN_EMPTY_BODY = YES;
				CLANG_WARN_ENUM_CONVERSION = YES;
				CLANG_WARN_INFINITE_RECURSION = YES;
				CLANG_WARN_INT_CONVERSION = YES;
				CLANG_WARN_OBJC_ROOT_CLASS = YES_ERROR;
				CLANG_WARN_SUSPICIOUS_MOVE = YES;
				CLANG_WARN_UNREACHABLE_CODE = YES;
				CLANG_WARN__DUPLICATE_METHOD_MATCH = YES;
				"CODE_SIGN_IDENTITY[sdk=iphoneos*]" = "iPhone Developer";
				COPY_PHASE_STRIP = NO;
				DEBUG_INFORMATION_FORMAT = "dwarf-with-dsym";
				ENABLE_NS_ASSERTIONS = NO;
				ENABLE_STRICT_OBJC_MSGSEND = YES;
				GCC_C_LANGUAGE_STANDARD = gnu99;
				GCC_NO_COMMON_BLOCKS = YES;
				GCC_WARN_64_TO_32_BIT_CONVERSION = YES;
				GCC_WARN_ABOUT_RETURN_TYPE = YES_ERROR;
				GCC_WARN_UNDECLARED_SELECTOR = YES;
				GCC_WARN_UNINITIALIZED_AUTOS = YES_AGGRESSIVE;
				GCC_WARN_UNUSED_FUNCTION = YES;
				GCC_WARN_UNUSED_VARIABLE = YES;
				IPHONEOS_DEPLOYMENT_TARGET = 10.3;
				MTL_ENABLE_DEBUG_INFO = NO;
				SDKROOT = iphoneos;
				TARGETED_DEVICE_FAMILY = "1,2";
				VALIDATE_PRODUCT = YES;
			};
			name = Release;
		};
		5BD3DFC71F9640540085E57D /* Debug */ = {
			isa = XCBuildConfiguration;
			buildSettings = {
				ASSETCATALOG_COMPILER_APPICON_NAME = AppIcon;
				INFOPLIST_FILE = TestColors/Info.plist;
				LD_RUNPATH_SEARCH_PATHS = "$(inherited) @executable_path/Frameworks";
				PRODUCT_BUNDLE_IDENTIFIER = AlexeyVinogradov.TestColors;
				PRODUCT_NAME = "$(TARGET_NAME)";
			};
			name = Debug;
		};
		5BD3DFC81F9640540085E57D /* Release */ = {
			isa = XCBuildConfiguration;
			buildSettings = {
				ASSETCATALOG_COMPILER_APPICON_NAME = AppIcon;
				INFOPLIST_FILE = TestColors/Info.plist;
				LD_RUNPATH_SEARCH_PATHS = "$(inherited) @executable_path/Frameworks";
				PRODUCT_BUNDLE_IDENTIFIER = AlexeyVinogradov.TestColors;
				PRODUCT_NAME = "$(TARGET_NAME)";
			};
			name = Release;
		};
		5BD3DFCA1F9640540085E57D /* Debug */ = {
			isa = XCBuildConfiguration;
			buildSettings = {
				BUNDLE_LOADER = "$(TEST_HOST)";
				INFOPLIST_FILE = TestColorsTests/Info.plist;
				LD_RUNPATH_SEARCH_PATHS = "$(inherited) @executable_path/Frameworks @loader_path/Frameworks";
				PRODUCT_BUNDLE_IDENTIFIER = AlexeyVinogradov.TestColorsTests;
				PRODUCT_NAME = "$(TARGET_NAME)";
				TEST_HOST = "$(BUILT_PRODUCTS_DIR)/TestColors.app/TestColors";
			};
			name = Debug;
		};
		5BD3DFCB1F9640540085E57D /* Release */ = {
			isa = XCBuildConfiguration;
			buildSettings = {
				BUNDLE_LOADER = "$(TEST_HOST)";
				INFOPLIST_FILE = TestColorsTests/Info.plist;
				LD_RUNPATH_SEARCH_PATHS = "$(inherited) @executable_path/Frameworks @loader_path/Frameworks";
				PRODUCT_BUNDLE_IDENTIFIER = AlexeyVinogradov.TestColorsTests;
				PRODUCT_NAME = "$(TARGET_NAME)";
				TEST_HOST = "$(BUILT_PRODUCTS_DIR)/TestColors.app/TestColors";
			};
			name = Release;
		};
		5BD3DFCD1F9640540085E57D /* Debug */ = {
			isa = XCBuildConfiguration;
			buildSettings = {
				INFOPLIST_FILE = TestColorsUITests/Info.plist;
				LD_RUNPATH_SEARCH_PATHS = "$(inherited) @executable_path/Frameworks @loader_path/Frameworks";
				PRODUCT_BUNDLE_IDENTIFIER = AlexeyVinogradov.TestColorsUITests;
				PRODUCT_NAME = "$(TARGET_NAME)";
				TEST_TARGET_NAME = TestColors;
			};
			name = Debug;
		};
		5BD3DFCE1F9640540085E57D /* Release */ = {
			isa = XCBuildConfiguration;
			buildSettings = {
				INFOPLIST_FILE = TestColorsUITests/Info.plist;
				LD_RUNPATH_SEARCH_PATHS = "$(inherited) @executable_path/Frameworks @loader_path/Frameworks";
				PRODUCT_BUNDLE_IDENTIFIER = AlexeyVinogradov.TestColorsUITests;
				PRODUCT_NAME = "$(TARGET_NAME)";
				TEST_TARGET_NAME = TestColors;
			};
			name = Release;
		};
/* End XCBuildConfiguration section */

/* Begin XCConfigurationList section */
		5BD3DF941F9640540085E57D /* Build configuration list for PBXProject "TestColors" */ = {
			isa = XCConfigurationList;
			buildConfigurations = (
				5BD3DFC41F9640540085E57D /* Debug */,
				5BD3DFC51F9640540085E57D /* Release */,
			);
			defaultConfigurationIsVisible = 0;
			defaultConfigurationName = Release;
		};
		5BD3DFC61F9640540085E57D /* Build configuration list for PBXNativeTarget "TestColors" */ = {
			isa = XCConfigurationList;
			buildConfigurations = (
				5BD3DFC71F9640540085E57D /* Debug */,
				5BD3DFC81F9640540085E57D /* Release */,
			);
			defaultConfigurationIsVisible = 0;
			defaultConfigurationName = Release;
		};
		5BD3DFC91F9640540085E57D /* Build configuration list for PBXNativeTarget "TestColorsTests" */ = {
			isa = XCConfigurationList;
			buildConfigurations = (
				5BD3DFCA1F9640540085E57D /* Debug */,
				5BD3DFCB1F9640540085E57D /* Release */,
			);
			defaultConfigurationIsVisible = 0;
			defaultConfigurationName = Release;
		};
		5BD3DFCC1F9640540085E57D /* Build configuration list for PBXNativeTarget "TestColorsUITests" */ = {
			isa = XCConfigurationList;
			buildConfigurations = (
				5BD3DFCD1F9640540085E57D /* Debug */,
				5BD3DFCE1F9640540085E57D /* Release */,
			);
			defaultConfigurationIsVisible = 0;
			defaultConfigurationName = Release;
		};
/* End XCConfigurationList section */
	};
	rootObject = 5BD3DF911F9640540085E57D /* Project object */;
}
